
Microsoft Visual Studio Solution File, Format Version 12.00
# Visual Studio Version 16
VisualStudioVersion = 16.0.30523.141
MinimumVisualStudioVersion = 10.0.40219.1
Project("{9A19103F-16F7-4668-BE54-9A1E7A4F7556}") = "SchoolManager", "SchoolManager\SchoolManager.csproj", "{20BC4B41-B26A-4A9C-9939-9F4BDC6567D8}"
EndProject
Global
	GlobalSection(SolutionConfigurationPlatforms) = preSolution
		Debug|Any CPU = Debug|Any CPU
		Release|Any CPU = Release|Any CPU
		Super duper barzo|Any CPU = Super duper barzo|Any CPU
	EndGlobalSection
	GlobalSection(ProjectConfigurationPlatforms) = postSolution
		{20BC4B41-B26A-4A9C-9939-9F4BDC6567D8}.Debug|Any CPU.ActiveCfg = Debug|Any CPU
		{20BC4B41-B26A-4A9C-9939-9F4BDC6567D8}.Debug|Any CPU.Build.0 = Debug|Any CPU
		{20BC4B41-B26A-4A9C-9939-9F4BDC6567D8}.Release|Any CPU.ActiveCfg = Release|Any CPU
		{20BC4B41-B26A-4A9C-9939-9F4BDC6567D8}.Release|Any CPU.Build.0 = Release|Any CPU
		{20BC4B41-B26A-4A9C-9939-9F4BDC6567D8}.Super duper barzo|Any CPU.ActiveCfg = Release|Any CPU
		{20BC4B41-B26A-4A9C-9939-9F4BDC6567D8}.Super duper barzo|Any CPU.Build.0 = Release|Any CPU
	EndGlobalSection
	GlobalSection(SolutionProperties) = preSolution
		HideSolutionNode = FALSE
	EndGlobalSection
	GlobalSection(ExtensibilityGlobals) = postSolution
		SolutionGuid = {06EEF6F4-3AD7-4AD3-80FE-C6F0CD25288A}
	EndGlobalSection
EndGlobal
